
Microsoft Visual Studio Solution File, Format Version 12.00
# Visual Studio 15
VisualStudioVersion = 15.0.28307.136
MinimumVisualStudioVersion = 10.0.40219.1
Project("{E24C65DC-7377-472B-9ABA-BC803B73C61A}") = "ERP", "ERP\", "{74B2FD58-1320-41FB-9E3C-FE845C530D69}"
	ProjectSection(WebsiteProperties) = preProject
		TargetFrameworkMoniker = ".NETFramework,Version%3Dv4.6.1"
		Debug.AspNetCompiler.VirtualPath = "/localhost_53935"
		Debug.AspNetCompiler.PhysicalPath = "ERP\"
		Debug.AspNetCompiler.TargetPath = "PrecompiledWeb\localhost_53935\"
		Debug.AspNetCompiler.Updateable = "true"
		Debug.AspNetCompiler.ForceOverwrite = "true"
		Debug.AspNetCompiler.FixedNames = "false"
		Debug.AspNetCompiler.Debug = "True"
		Release.AspNetCompiler.VirtualPath = "/localhost_53935"
		Release.AspNetCompiler.PhysicalPath = "ERP\"
		Release.AspNetCompiler.TargetPath = "PrecompiledWeb\localhost_53935\"
		Release.AspNetCompiler.Updateable = "true"
		Release.AspNetCompiler.ForceOverwrite = "true"
		Release.AspNetCompiler.FixedNames = "false"
		Release.AspNetCompiler.Debug = "False"
		VWDPort = "53935"
		SlnRelativePath = "ERP\"
		DefaultWebSiteLanguage = "Visual C#"
	EndProjectSection
EndProject
Global
	GlobalSection(SolutionConfigurationPlatforms) = preSolution
		Debug|Any CPU = Debug|Any CPU
	EndGlobalSection
	GlobalSection(ProjectConfigurationPlatforms) = postSolution
		{74B2FD58-1320-41FB-9E3C-FE845C530D69}.Debug|Any CPU.ActiveCfg = Debug|Any CPU
		{74B2FD58-1320-41FB-9E3C-FE845C530D69}.Debug|Any CPU.Build.0 = Debug|Any CPU
	EndGlobalSection
	GlobalSection(SolutionProperties) = preSolution
		HideSolutionNode = FALSE
	EndGlobalSection
	GlobalSection(ExtensibilityGlobals) = postSolution
		SolutionGuid = {1DFD5E77-B44C-4912-BC9E-C08A2EDA8522}
	EndGlobalSection
EndGlobal
